
Microsoft Visual Studio Solution File, Format Version 12.00
# Visual Studio Version 17
VisualStudioVersion = 17.5.33502.453
MinimumVisualStudioVersion = 10.0.40219.1
Project("{FAE04EC0-301F-11D3-BF4B-00C04F79EFBC}") = "HotelsAPI", "HotelsAPI\HotelsAPI.csproj", "{720BE680-B160-49E9-9F88-16CE6A4C6344}"
EndProject
Global
	GlobalSection(SolutionConfigurationPlatforms) = preSolution
		Debug|Any CPU = Debug|Any CPU
		Release|Any CPU = Release|Any CPU
	EndGlobalSection
	GlobalSection(ProjectConfigurationPlatforms) = postSolution
		{720BE680-B160-49E9-9F88-16CE6A4C6344}.Debug|Any CPU.ActiveCfg = Debug|Any CPU
		{720BE680-B160-49E9-9F88-16CE6A4C6344}.Debug|Any CPU.Build.0 = Debug|Any CPU
		{720BE680-B160-49E9-9F88-16CE6A4C6344}.Release|Any CPU.ActiveCfg = Release|Any CPU
		{720BE680-B160-49E9-9F88-16CE6A4C6344}.Release|Any CPU.Build.0 = Release|Any CPU
	EndGlobalSection
	GlobalSection(SolutionProperties) = preSolution
		HideSolutionNode = FALSE
	EndGlobalSection
	GlobalSection(ExtensibilityGlobals) = postSolution
		SolutionGuid = {98784208-93B5-4576-B342-A5FAB1471BF1}
	EndGlobalSection
EndGlobal
